
Microsoft Visual Studio Solution File, Format Version 12.00
# Visual Studio 15
VisualStudioVersion = 15.0.27428.2037
MinimumVisualStudioVersion = 10.0.40219.1
Project("{FAE04EC0-301F-11D3-BF4B-00C04F79EFBC}") = "Rysowanie", "Rysowanie.csproj", "{17FAF1AD-5F02-424A-9987-38B4A19E8FBF}"
EndProject
Global
	GlobalSection(SolutionConfigurationPlatforms) = preSolution
		Debug|Any CPU = Debug|Any CPU
		Release|Any CPU = Release|Any CPU
	EndGlobalSection
	GlobalSection(ProjectConfigurationPlatforms) = postSolution
		{17FAF1AD-5F02-424A-9987-38B4A19E8FBF}.Debug|Any CPU.ActiveCfg = Debug|Any CPU
		{17FAF1AD-5F02-424A-9987-38B4A19E8FBF}.Debug|Any CPU.Build.0 = Debug|Any CPU
		{17FAF1AD-5F02-424A-9987-38B4A19E8FBF}.Release|Any CPU.ActiveCfg = Release|Any CPU
		{17FAF1AD-5F02-424A-9987-38B4A19E8FBF}.Release|Any CPU.Build.0 = Release|Any CPU
	EndGlobalSection
	GlobalSection(SolutionProperties) = preSolution
		HideSolutionNode = FALSE
	EndGlobalSection
	GlobalSection(ExtensibilityGlobals) = postSolution
		SolutionGuid = {5FD15A00-AA50-47D0-95F9-BA5684739151}
	EndGlobalSection
EndGlobal
